
Microsoft Visual Studio Solution File, Format Version 12.00
# Visual Studio 2015
Project("{FAE04EC0-301F-11D3-BF4B-00C04F79EFBC}") = "RDA422-Game.CSharp.Plugins", "RDA422-Game.CSharp.Plugins.csproj", "{D02F6C65-3E72-2F55-4F62-01A34AC0A0A4}"
EndProject
Project("{FAE04EC0-301F-11D3-BF4B-00C04F79EFBC}") = "RDA422-Game.CSharp", "RDA422-Game.CSharp.csproj", "{17212A48-BC56-1F2C-5672-0121CA8BB6CE}"
EndProject
Project("{FAE04EC0-301F-11D3-BF4B-00C04F79EFBC}") = "RDA422-Game.CSharp.Editor", "RDA422-Game.CSharp.Editor.csproj", "{07051676-88E6-AF74-7560-95E7B873C969}"
EndProject
Global
	GlobalSection(SolutionConfigurationPlatforms) = preSolution
		Debug|Any CPU = Debug|Any CPU
		Release|Any CPU = Release|Any CPU
	EndGlobalSection
	GlobalSection(ProjectConfigurationPlatforms) = postSolution
		{D02F6C65-3E72-2F55-4F62-01A34AC0A0A4}.Debug|Any CPU.ActiveCfg = Debug|Any CPU
		{D02F6C65-3E72-2F55-4F62-01A34AC0A0A4}.Debug|Any CPU.Build.0 = Debug|Any CPU
		{D02F6C65-3E72-2F55-4F62-01A34AC0A0A4}.Release|Any CPU.ActiveCfg = Release|Any CPU
		{D02F6C65-3E72-2F55-4F62-01A34AC0A0A4}.Release|Any CPU.Build.0 = Release|Any CPU
		{17212A48-BC56-1F2C-5672-0121CA8BB6CE}.Debug|Any CPU.ActiveCfg = Debug|Any CPU
		{17212A48-BC56-1F2C-5672-0121CA8BB6CE}.Debug|Any CPU.Build.0 = Debug|Any CPU
		{17212A48-BC56-1F2C-5672-0121CA8BB6CE}.Release|Any CPU.ActiveCfg = Release|Any CPU
		{17212A48-BC56-1F2C-5672-0121CA8BB6CE}.Release|Any CPU.Build.0 = Release|Any CPU
		{07051676-88E6-AF74-7560-95E7B873C969}.Debug|Any CPU.ActiveCfg = Debug|Any CPU
		{07051676-88E6-AF74-7560-95E7B873C969}.Debug|Any CPU.Build.0 = Debug|Any CPU
		{07051676-88E6-AF74-7560-95E7B873C969}.Release|Any CPU.ActiveCfg = Release|Any CPU
		{07051676-88E6-AF74-7560-95E7B873C969}.Release|Any CPU.Build.0 = Release|Any CPU
	EndGlobalSection
	GlobalSection(SolutionProperties) = preSolution
		HideSolutionNode = FALSE
	EndGlobalSection
EndGlobal
